
Microsoft Visual Studio Solution File, Format Version 12.00
# Visual Studio Version 17
VisualStudioVersion = 17.12.35514.174
MinimumVisualStudioVersion = 10.0.40219.1
Project("{FAE04EC0-301F-11D3-BF4B-00C04F79EFBC}") = "MiroP_Ecomic_Web", "Web\MiroP_Ecomic_Web.csproj", "{9FC5219D-2CDB-4F53-884E-26A0328161FF}"
EndProject
Project("{2150E333-8FDC-42A3-9474-1A3956D46DE8}") = "Web", "Web", "{356352DD-FA1F-460D-951B-195CE7BA46A2}"
EndProject
Project("{2150E333-8FDC-42A3-9474-1A3956D46DE8}") = "Service", "Service", "{E0562043-689A-4152-B5D3-CF92C90EC481}"
EndProject
Project("{2150E333-8FDC-42A3-9474-1A3956D46DE8}") = "Repository", "Repository", "{A7D63E92-10B7-4837-8782-3C0835403FB5}"
EndProject
Project("{2150E333-8FDC-42A3-9474-1A3956D46DE8}") = "Cross", "Cross", "{CA1C25D0-913B-4D03-8CB0-CEEB261EC8D7}"
EndProject
Project("{FAE04EC0-301F-11D3-BF4B-00C04F79EFBC}") = "MiroP_Ecomic.Core", "Cross\MiroP_Ecomic.Core\MiroP_Ecomic.Core.csproj", "{669A8060-FD66-4BB8-9F38-695F43B546A2}"
EndProject
Project("{FAE04EC0-301F-11D3-BF4B-00C04F79EFBC}") = "MiroP_Ecomic.Mapper", "Cross\MiroP_Ecomic.Mapper\MiroP_Ecomic.Mapper.csproj", "{EA3C22B5-C9DE-45BE-9F75-3AA4B3CD8AB6}"
EndProject
Project("{FAE04EC0-301F-11D3-BF4B-00C04F79EFBC}") = "MiroP_Ecomic.Repository", "Repository\MiroP_Ecomic.Repository\MiroP_Ecomic.Repository.csproj", "{33B53A87-BAF5-42F0-A7D6-97BF96D4CA63}"
EndProject
Project("{FAE04EC0-301F-11D3-BF4B-00C04F79EFBC}") = "MiroP_Ecomic.Contract.Repository", "Repository\MiroP_Ecomic.Contract.Repository\MiroP_Ecomic.Contract.Repository.csproj", "{74761CA1-30F6-4097-AB71-0C1B44B02A96}"
EndProject
Project("{FAE04EC0-301F-11D3-BF4B-00C04F79EFBC}") = "MiroP_Ecomic.Service", "Service\MiroP_Ecomic.Service\MiroP_Ecomic.Service.csproj", "{4B4B9BFA-9CCB-448B-B4C6-0C20211482A4}"
EndProject
Project("{FAE04EC0-301F-11D3-BF4B-00C04F79EFBC}") = "MiroP_Ecomic.Contract.Service", "Service\MiroP_Ecomic.Contract.Service\MiroP_Ecomic.Contract.Service.csproj", "{7ECAF1F1-BDAB-45CA-9ACE-F8DD8A830BB6}"
EndProject
Project("{2150E333-8FDC-42A3-9474-1A3956D46DE8}") = "Api", "Api", "{A5A33317-ECBA-4847-AD6A-A0EC892294F5}"
EndProject
Project("{FAE04EC0-301F-11D3-BF4B-00C04F79EFBC}") = "MiroP_Ecomic_Api", "Api\MiroP_Ecomic_Api\MiroP_Ecomic_Api.csproj", "{DE4ABC26-0737-47B6-96A7-E44C3C33FAFA}"
EndProject
Global
	GlobalSection(SolutionConfigurationPlatforms) = preSolution
		Debug|Any CPU = Debug|Any CPU
		Release|Any CPU = Release|Any CPU
	EndGlobalSection
	GlobalSection(ProjectConfigurationPlatforms) = postSolution
		{9FC5219D-2CDB-4F53-884E-26A0328161FF}.Debug|Any CPU.ActiveCfg = Debug|Any CPU
		{9FC5219D-2CDB-4F53-884E-26A0328161FF}.Debug|Any CPU.Build.0 = Debug|Any CPU
		{9FC5219D-2CDB-4F53-884E-26A0328161FF}.Release|Any CPU.ActiveCfg = Release|Any CPU
		{9FC5219D-2CDB-4F53-884E-26A0328161FF}.Release|Any CPU.Build.0 = Release|Any CPU
		{669A8060-FD66-4BB8-9F38-695F43B546A2}.Debug|Any CPU.ActiveCfg = Debug|Any CPU
		{669A8060-FD66-4BB8-9F38-695F43B546A2}.Debug|Any CPU.Build.0 = Debug|Any CPU
		{669A8060-FD66-4BB8-9F38-695F43B546A2}.Release|Any CPU.ActiveCfg = Release|Any CPU
		{669A8060-FD66-4BB8-9F38-695F43B546A2}.Release|Any CPU.Build.0 = Release|Any CPU
		{EA3C22B5-C9DE-45BE-9F75-3AA4B3CD8AB6}.Debug|Any CPU.ActiveCfg = Debug|Any CPU
		{EA3C22B5-C9DE-45BE-9F75-3AA4B3CD8AB6}.Debug|Any CPU.Build.0 = Debug|Any CPU
		{EA3C22B5-C9DE-45BE-9F75-3AA4B3CD8AB6}.Release|Any CPU.ActiveCfg = Release|Any CPU
		{EA3C22B5-C9DE-45BE-9F75-3AA4B3CD8AB6}.Release|Any CPU.Build.0 = Release|Any CPU
		{33B53A87-BAF5-42F0-A7D6-97BF96D4CA63}.Debug|Any CPU.ActiveCfg = Debug|Any CPU
		{33B53A87-BAF5-42F0-A7D6-97BF96D4CA63}.Debug|Any CPU.Build.0 = Debug|Any CPU
		{33B53A87-BAF5-42F0-A7D6-97BF96D4CA63}.Release|Any CPU.ActiveCfg = Release|Any CPU
		{33B53A87-BAF5-42F0-A7D6-97BF96D4CA63}.Release|Any CPU.Build.0 = Release|Any CPU
		{74761CA1-30F6-4097-AB71-0C1B44B02A96}.Debug|Any CPU.ActiveCfg = Debug|Any CPU
		{74761CA1-30F6-4097-AB71-0C1B44B02A96}.Debug|Any CPU.Build.0 = Debug|Any CPU
		{74761CA1-30F6-4097-AB71-0C1B44B02A96}.Release|Any CPU.ActiveCfg = Release|Any CPU
		{74761CA1-30F6-4097-AB71-0C1B44B02A96}.Release|Any CPU.Build.0 = Release|Any CPU
		{4B4B9BFA-9CCB-448B-B4C6-0C20211482A4}.Debug|Any CPU.ActiveCfg = Debug|Any CPU
		{4B4B9BFA-9CCB-448B-B4C6-0C20211482A4}.Debug|Any CPU.Build.0 = Debug|Any CPU
		{4B4B9BFA-9CCB-448B-B4C6-0C20211482A4}.Release|Any CPU.ActiveCfg = Release|Any CPU
		{4B4B9BFA-9CCB-448B-B4C6-0C20211482A4}.Release|Any CPU.Build.0 = Release|Any CPU
		{7ECAF1F1-BDAB-45CA-9ACE-F8DD8A830BB6}.Debug|Any CPU.ActiveCfg = Debug|Any CPU
		{7ECAF1F1-BDAB-45CA-9ACE-F8DD8A830BB6}.Debug|Any CPU.Build.0 = Debug|Any CPU
		{7ECAF1F1-BDAB-45CA-9ACE-F8DD8A830BB6}.Release|Any CPU.ActiveCfg = Release|Any CPU
		{7ECAF1F1-BDAB-45CA-9ACE-F8DD8A830BB6}.Release|Any CPU.Build.0 = Release|Any CPU
		{DE4ABC26-0737-47B6-96A7-E44C3C33FAFA}.Debug|Any CPU.ActiveCfg = Debug|Any CPU
		{DE4ABC26-0737-47B6-96A7-E44C3C33FAFA}.Debug|Any CPU.Build.0 = Debug|Any CPU
		{DE4ABC26-0737-47B6-96A7-E44C3C33FAFA}.Release|Any CPU.ActiveCfg = Release|Any CPU
		{DE4ABC26-0737-47B6-96A7-E44C3C33FAFA}.Release|Any CPU.Build.0 = Release|Any CPU
	EndGlobalSection
	GlobalSection(SolutionProperties) = preSolution
		HideSolutionNode = FALSE
	EndGlobalSection
	GlobalSection(NestedProjects) = preSolution
		{9FC5219D-2CDB-4F53-884E-26A0328161FF} = {356352DD-FA1F-460D-951B-195CE7BA46A2}
		{669A8060-FD66-4BB8-9F38-695F43B546A2} = {CA1C25D0-913B-4D03-8CB0-CEEB261EC8D7}
		{EA3C22B5-C9DE-45BE-9F75-3AA4B3CD8AB6} = {CA1C25D0-913B-4D03-8CB0-CEEB261EC8D7}
		{33B53A87-BAF5-42F0-A7D6-97BF96D4CA63} = {A7D63E92-10B7-4837-8782-3C0835403FB5}
		{74761CA1-30F6-4097-AB71-0C1B44B02A96} = {A7D63E92-10B7-4837-8782-3C0835403FB5}
		{4B4B9BFA-9CCB-448B-B4C6-0C20211482A4} = {E0562043-689A-4152-B5D3-CF92C90EC481}
		{7ECAF1F1-BDAB-45CA-9ACE-F8DD8A830BB6} = {E0562043-689A-4152-B5D3-CF92C90EC481}
		{DE4ABC26-0737-47B6-96A7-E44C3C33FAFA} = {A5A33317-ECBA-4847-AD6A-A0EC892294F5}
	EndGlobalSection
EndGlobal
